{
  "requires": true,
  "lockfileVersion": 1,
  "dependencies": {
    "fs": {
      "version": "0.0.1-security",
      "resolved": "https://registry.npmjs.org/fs/-/fs-0.0.1-security.tgz",
      "integrity": "sha1-invTcYa23d84E/I4WLV+yq9eQdQ="
    },
    "jwhendershott-palindrome": {
      "version": "0.1.1",
      "resolved": "https://registry.npmjs.org/jwhendershott-palindrome/-/jwhendershott-palindrome-0.1.1.tgz",
      "integrity": "sha512-DevVt1X/sX4k34l4CuI9Up2Ug0Lh/tUfJyhA0wSkYyk+27+S2Ylyvm3iaAU4RztEuBUtjoWXC7jSzBave2p99w=="
    }
  }
}
