{
  "requires": true,
  "lockfileVersion": 1,
  "dependencies": {
    "jwhendershott-palindrome": {
      "version": "0.1.0",
      "resolved": "https://registry.npmjs.org/jwhendershott-palindrome/-/jwhendershott-palindrome-0.1.0.tgz",
      "integrity": "sha512-fhPFzLSnLbXSb1LzYJk3kr9ySI83MuqUeIhG3jLCxcVp2QMjkjO6dWMLO6i6yDgxHHSlg0f9M6FAwOfZruAa/w=="
    }
  }
}
